// !$*UTF8*$!
{
	archiveVersion = 1;
	classes = {
	};
	objectVersion = 56;
	objects = {

/* Begin PBXBuildFile section */
		E13D08A82C2BC6BD00A46FE7 /* Poppins-Bold.ttf in Resources */ = {isa = PBXBuildFile; fileRef = E13D08A72C2BC6BD00A46FE7 /* Poppins-Bold.ttf */; };
		E13D08B32C2BD27E00A46FE7 /* Roboto-Regular.ttf in Resources */ = {isa = PBXBuildFile; fileRef = E13D08B22C2BD27E00A46FE7 /* Roboto-Regular.ttf */; };
		E13D08B52C2BD39900A46FE7 /* Roboto-Medium.ttf in Resources */ = {isa = PBXBuildFile; fileRef = E13D08B42C2BD39800A46FE7 /* Roboto-Medium.ttf */; };
		E13D08B72C2BD4A800A46FE7 /* SFPRODISPLAYBOLD.OTF in Resources */ = {isa = PBXBuildFile; fileRef = E13D08B62C2BD4A800A46FE7 /* SFPRODISPLAYBOLD.OTF */; };
		E13D08BB2C2BD6B300A46FE7 /* Poppins-Regular.ttf in Resources */ = {isa = PBXBuildFile; fileRef = E13D08BA2C2BD6B300A46FE7 /* Poppins-Regular.ttf */; };
		E13D08BD2C2BD71300A46FE7 /* Poppins-SemiBold.ttf in Resources */ = {isa = PBXBuildFile; fileRef = E13D08BC2C2BD71300A46FE7 /* Poppins-SemiBold.ttf */; };
		E13D08C02C2BF32300A46FE7 /* SFPRODISPLAYREGULAR.OTF in Resources */ = {isa = PBXBuildFile; fileRef = E13D08BE2C2BF32300A46FE7 /* SFPRODISPLAYREGULAR.OTF */; };
		E13D08C12C2BF32300A46FE7 /* SFPRODISPLAYMEDIUM.OTF in Resources */ = {isa = PBXBuildFile; fileRef = E13D08BF2C2BF32300A46FE7 /* SFPRODISPLAYMEDIUM.OTF */; };
		E13D08C72C2BF73100A46FE7 /* SF-Pro-Display-Semibold.otf in Resources */ = {isa = PBXBuildFile; fileRef = E13D08C62C2BF73100A46FE7 /* SF-Pro-Display-Semibold.otf */; };
		E13D08C92C2C2EAA00A46FE7 /* SF-Pro-Display-Medium.otf in Resources */ = {isa = PBXBuildFile; fileRef = E13D08C82C2C2EAA00A46FE7 /* SF-Pro-Display-Medium.otf */; };
		E19C61B52C11936B0092A3A6 /* SQLite in Frameworks */ = {isa = PBXBuildFile; productRef = E19C61B42C11936B0092A3A6 /* SQLite */; };
		E19C61B82C11B9F30092A3A6 /* KeychainAccess in Frameworks */ = {isa = PBXBuildFile; productRef = E19C61B72C11B9F30092A3A6 /* KeychainAccess */; };
		E1BD8D1F2DFC8C9E003CEC5C /* HomeContentView.swift in Sources */ = {isa = PBXBuildFile; fileRef = E1BD8D1E2DFC8C9E003CEC5C /* HomeContentView.swift */; };
		E1BD8D212DFC914B003CEC5C /* AddRecordContentView.swift in Sources */ = {isa = PBXBuildFile; fileRef = E1BD8D202DFC914B003CEC5C /* AddRecordContentView.swift */; };
		E1BD8D232DFC925F003CEC5C /* AccountDetailContentView.swift in Sources */ = {isa = PBXBuildFile; fileRef = E1BD8D222DFC925F003CEC5C /* AccountDetailContentView.swift */; };
		E1CF62A42C10E1F900D21642 /* PasswordManagerApp.swift in Sources */ = {isa = PBXBuildFile; fileRef = E1CF62A32C10E1F900D21642 /* PasswordManagerApp.swift */; };
		E1CF62A62C10E1F900D21642 /* ContentView.swift in Sources */ = {isa = PBXBuildFile; fileRef = E1CF62A52C10E1F900D21642 /* ContentView.swift */; };
		E1CF62A82C10E1FB00D21642 /* Assets.xcassets in Resources */ = {isa = PBXBuildFile; fileRef = E1CF62A72C10E1FB00D21642 /* Assets.xcassets */; };
		E1CF62AB2C10E1FB00D21642 /* Preview Assets.xcassets in Resources */ = {isa = PBXBuildFile; fileRef = E1CF62AA2C10E1FB00D21642 /* Preview Assets.xcassets */; };
/* End PBXBuildFile section */

/* Begin PBXFileReference section */
		E13D08A72C2BC6BD00A46FE7 /* Poppins-Bold.ttf */ = {isa = PBXFileReference; lastKnownFileType = file; path = "Poppins-Bold.ttf"; sourceTree = "<group>"; };
		E13D08A92C2BC75100A46FE7 /* Info.plist */ = {isa = PBXFileReference; lastKnownFileType = text.plist; path = Info.plist; sourceTree = "<group>"; };
		E13D08B22C2BD27E00A46FE7 /* Roboto-Regular.ttf */ = {isa = PBXFileReference; lastKnownFileType = file; path = "Roboto-Regular.ttf"; sourceTree = "<group>"; };
		E13D08B42C2BD39800A46FE7 /* Roboto-Medium.ttf */ = {isa = PBXFileReference; lastKnownFileType = file; path = "Roboto-Medium.ttf"; sourceTree = "<group>"; };
		E13D08B62C2BD4A800A46FE7 /* SFPRODISPLAYBOLD.OTF */ = {isa = PBXFileReference; lastKnownFileType = file; path = SFPRODISPLAYBOLD.OTF; sourceTree = "<group>"; };
		E13D08BA2C2BD6B300A46FE7 /* Poppins-Regular.ttf */ = {isa = PBXFileReference; lastKnownFileType = file; path = "Poppins-Regular.ttf"; sourceTree = "<group>"; };
		E13D08BC2C2BD71300A46FE7 /* Poppins-SemiBold.ttf */ = {isa = PBXFileReference; lastKnownFileType = file; path = "Poppins-SemiBold.ttf"; sourceTree = "<group>"; };
		E13D08BE2C2BF32300A46FE7 /* SFPRODISPLAYREGULAR.OTF */ = {isa = PBXFileReference; lastKnownFileType = file; path = SFPRODISPLAYREGULAR.OTF; sourceTree = "<group>"; };
		E13D08BF2C2BF32300A46FE7 /* SFPRODISPLAYMEDIUM.OTF */ = {isa = PBXFileReference; lastKnownFileType = file; path = SFPRODISPLAYMEDIUM.OTF; sourceTree = "<group>"; };
		E13D08C62C2BF73100A46FE7 /* SF-Pro-Display-Semibold.otf */ = {isa = PBXFileReference; lastKnownFileType = file; path = "SF-Pro-Display-Semibold.otf"; sourceTree = "<group>"; };
		E13D08C82C2C2EAA00A46FE7 /* SF-Pro-Display-Medium.otf */ = {isa = PBXFileReference; lastKnownFileType = file; path = "SF-Pro-Display-Medium.otf"; sourceTree = "<group>"; };
		E1BD8D1E2DFC8C9E003CEC5C /* HomeContentView.swift */ = {isa = PBXFileReference; lastKnownFileType = sourcecode.swift; path = HomeContentView.swift; sourceTree = "<group>"; };
		E1BD8D202DFC914B003CEC5C /* AddRecordContentView.swift */ = {isa = PBXFileReference; lastKnownFileType = sourcecode.swift; path = AddRecordContentView.swift; sourceTree = "<group>"; };
		E1BD8D222DFC925F003CEC5C /* AccountDetailContentView.swift */ = {isa = PBXFileReference; lastKnownFileType = sourcecode.swift; path = AccountDetailContentView.swift; sourceTree = "<group>"; };
		E1CF62A02C10E1F900D21642 /* PasswordManager.app */ = {isa = PBXFileReference; explicitFileType = wrapper.application; includeInIndex = 0; path = PasswordManager.app; sourceTree = BUILT_PRODUCTS_DIR; };
		E1CF62A32C10E1F900D21642 /* PasswordManagerApp.swift */ = {isa = PBXFileReference; lastKnownFileType = sourcecode.swift; path = PasswordManagerApp.swift; sourceTree = "<group>"; };
		E1CF62A52C10E1F900D21642 /* ContentView.swift */ = {isa = PBXFileReference; lastKnownFileType = sourcecode.swift; path = ContentView.swift; sourceTree = "<group>"; };
		E1CF62A72C10E1FB00D21642 /* Assets.xcassets */ = {isa = PBXFileReference; lastKnownFileType = folder.assetcatalog; path = Assets.xcassets; sourceTree = "<group>"; };
		E1CF62AA2C10E1FB00D21642 /* Preview Assets.xcassets */ = {isa = PBXFileReference; lastKnownFileType = folder.assetcatalog; path = "Preview Assets.xcassets"; sourceTree = "<group>"; };
/* End PBXFileReference section */

/* Begin PBXFrameworksBuildPhase section */
		E1CF629D2C10E1F900D21642 /* Frameworks */ = {
			isa = PBXFrameworksBuildPhase;
			buildActionMask = 2147483647;
			files = (
				E19C61B82C11B9F30092A3A6 /* KeychainAccess in Frameworks */,
				E19C61B52C11936B0092A3A6 /* SQLite in Frameworks */,
			);
			runOnlyForDeploymentPostprocessing = 0;
		};
/* End PBXFrameworksBuildPhase section */

/* Begin PBXGroup section */
		E13D08A62C2BC45B00A46FE7 /* Fonts */ = {
			isa = PBXGroup;
			children = (
				E13D08C82C2C2EAA00A46FE7 /* SF-Pro-Display-Medium.otf */,
				E13D08C62C2BF73100A46FE7 /* SF-Pro-Display-Semibold.otf */,
				E13D08BF2C2BF32300A46FE7 /* SFPRODISPLAYMEDIUM.OTF */,
				E13D08BE2C2BF32300A46FE7 /* SFPRODISPLAYREGULAR.OTF */,
				E13D08BC2C2BD71300A46FE7 /* Poppins-SemiBold.ttf */,
				E13D08BA2C2BD6B300A46FE7 /* Poppins-Regular.ttf */,
				E13D08B62C2BD4A800A46FE7 /* SFPRODISPLAYBOLD.OTF */,
				E13D08B42C2BD39800A46FE7 /* Roboto-Medium.ttf */,
				E13D08B22C2BD27E00A46FE7 /* Roboto-Regular.ttf */,
				E13D08A72C2BC6BD00A46FE7 /* Poppins-Bold.ttf */,
			);
			path = Fonts;
			sourceTree = "<group>";
		};
		E1BD8D102DFC8BD4003CEC5C /* Home */ = {
			isa = PBXGroup;
			children = (
				E1BD8D152DFC8C1B003CEC5C /* ViewModel */,
				E1BD8D142DFC8C0A003CEC5C /* View */,
				E1BD8D132DFC8C03003CEC5C /* Model */,
			);
			path = Home;
			sourceTree = "<group>";
		};
		E1BD8D112DFC8BE5003CEC5C /* AddRecord */ = {
			isa = PBXGroup;
			children = (
				E1BD8D162DFC8C2C003CEC5C /* ViewModel */,
				E1BD8D172DFC8C2C003CEC5C /* View */,
				E1BD8D182DFC8C2C003CEC5C /* Model */,
			);
			path = AddRecord;
			sourceTree = "<group>";
		};
		E1BD8D122DFC8BF3003CEC5C /* AccountDetail */ = {
			isa = PBXGroup;
			children = (
				E1BD8D192DFC8C2D003CEC5C /* ViewModel */,
				E1BD8D1A2DFC8C2D003CEC5C /* View */,
				E1BD8D1B2DFC8C2D003CEC5C /* Model */,
			);
			path = AccountDetail;
			sourceTree = "<group>";
		};
		E1BD8D132DFC8C03003CEC5C /* Model */ = {
			isa = PBXGroup;
			children = (
			);
			path = Model;
			sourceTree = "<group>";
		};
		E1BD8D142DFC8C0A003CEC5C /* View */ = {
			isa = PBXGroup;
			children = (
				E1BD8D1E2DFC8C9E003CEC5C /* HomeContentView.swift */,
			);
			path = View;
			sourceTree = "<group>";
		};
		E1BD8D152DFC8C1B003CEC5C /* ViewModel */ = {
			isa = PBXGroup;
			children = (
			);
			path = ViewModel;
			sourceTree = "<group>";
		};
		E1BD8D162DFC8C2C003CEC5C /* ViewModel */ = {
			isa = PBXGroup;
			children = (
			);
			path = ViewModel;
			sourceTree = "<group>";
		};
		E1BD8D172DFC8C2C003CEC5C /* View */ = {
			isa = PBXGroup;
			children = (
				E1BD8D202DFC914B003CEC5C /* AddRecordContentView.swift */,
			);
			path = View;
			sourceTree = "<group>";
		};
		E1BD8D182DFC8C2C003CEC5C /* Model */ = {
			isa = PBXGroup;
			children = (
			);
			path = Model;
			sourceTree = "<group>";
		};
		E1BD8D192DFC8C2D003CEC5C /* ViewModel */ = {
			isa = PBXGroup;
			children = (
			);
			path = ViewModel;
			sourceTree = "<group>";
		};
		E1BD8D1A2DFC8C2D003CEC5C /* View */ = {
			isa = PBXGroup;
			children = (
				E1BD8D222DFC925F003CEC5C /* AccountDetailContentView.swift */,
			);
			path = View;
			sourceTree = "<group>";
		};
		E1BD8D1B2DFC8C2D003CEC5C /* Model */ = {
			isa = PBXGroup;
			children = (
			);
			path = Model;
			sourceTree = "<group>";
		};
		E1CF62972C10E1F900D21642 = {
			isa = PBXGroup;
			children = (
				E1CF62A22C10E1F900D21642 /* PasswordManager */,
				E1CF62A12C10E1F900D21642 /* Products */,
			);
			sourceTree = "<group>";
		};
		E1CF62A12C10E1F900D21642 /* Products */ = {
			isa = PBXGroup;
			children = (
				E1CF62A02C10E1F900D21642 /* PasswordManager.app */,
			);
			name = Products;
			sourceTree = "<group>";
		};
		E1CF62A22C10E1F900D21642 /* PasswordManager */ = {
			isa = PBXGroup;
			children = (
				E1BD8D122DFC8BF3003CEC5C /* AccountDetail */,
				E1BD8D112DFC8BE5003CEC5C /* AddRecord */,
				E1BD8D102DFC8BD4003CEC5C /* Home */,
				E13D08A92C2BC75100A46FE7 /* Info.plist */,
				E13D08A62C2BC45B00A46FE7 /* Fonts */,
				E1CF62A32C10E1F900D21642 /* PasswordManagerApp.swift */,
				E1CF62A52C10E1F900D21642 /* ContentView.swift */,
				E1CF62A72C10E1FB00D21642 /* Assets.xcassets */,
				E1CF62A92C10E1FB00D21642 /* Preview Content */,
			);
			path = PasswordManager;
			sourceTree = "<group>";
		};
		E1CF62A92C10E1FB00D21642 /* Preview Content */ = {
			isa = PBXGroup;
			children = (
				E1CF62AA2C10E1FB00D21642 /* Preview Assets.xcassets */,
			);
			path = "Preview Content";
			sourceTree = "<group>";
		};
/* End PBXGroup section */

/* Begin PBXNativeTarget section */
		E1CF629F2C10E1F900D21642 /* PasswordManager */ = {
			isa = PBXNativeTarget;
			buildConfigurationList = E1CF62AE2C10E1FB00D21642 /* Build configuration list for PBXNativeTarget "PasswordManager" */;
			buildPhases = (
				E1CF629C2C10E1F900D21642 /* Sources */,
				E1CF629D2C10E1F900D21642 /* Frameworks */,
				E1CF629E2C10E1F900D21642 /* Resources */,
			);
			buildRules = (
			);
			dependencies = (
			);
			name = PasswordManager;
			packageProductDependencies = (
				E19C61B42C11936B0092A3A6 /* SQLite */,
				E19C61B72C11B9F30092A3A6 /* KeychainAccess */,
			);
			productName = PasswordManager;
			productReference = E1CF62A02C10E1F900D21642 /* PasswordManager.app */;
			productType = "com.apple.product-type.application";
		};
/* End PBXNativeTarget section */

/* Begin PBXProject section */
		E1CF62982C10E1F900D21642 /* Project object */ = {
			isa = PBXProject;
			attributes = {
				BuildIndependentTargetsInParallel = 1;
				LastSwiftUpdateCheck = 1540;
				LastUpgradeCheck = 1540;
				TargetAttributes = {
					E1CF629F2C10E1F900D21642 = {
						CreatedOnToolsVersion = 15.4;
					};
				};
			};
			buildConfigurationList = E1CF629B2C10E1F900D21642 /* Build configuration list for PBXProject "PasswordManager" */;
			compatibilityVersion = "Xcode 14.0";
			developmentRegion = en;
			hasScannedForEncodings = 0;
			knownRegions = (
				en,
				Base,
			);
			mainGroup = E1CF62972C10E1F900D21642;
			packageReferences = (
				E19C61B32C11936B0092A3A6 /* XCRemoteSwiftPackageReference "SQLite" */,
				E19C61B62C11B9F30092A3A6 /* XCRemoteSwiftPackageReference "KeychainAccess" */,
			);
			productRefGroup = E1CF62A12C10E1F900D21642 /* Products */;
			projectDirPath = "";
			projectRoot = "";
			targets = (
				E1CF629F2C10E1F900D21642 /* PasswordManager */,
			);
		};
/* End PBXProject section */

/* Begin PBXResourcesBuildPhase section */
		E1CF629E2C10E1F900D21642 /* Resources */ = {
			isa = PBXResourcesBuildPhase;
			buildActionMask = 2147483647;
			files = (
				E13D08C92C2C2EAA00A46FE7 /* SF-Pro-Display-Medium.otf in Resources */,
				E13D08C12C2BF32300A46FE7 /* SFPRODISPLAYMEDIUM.OTF in Resources */,
				E13D08B52C2BD39900A46FE7 /* Roboto-Medium.ttf in Resources */,
				E1CF62AB2C10E1FB00D21642 /* Preview Assets.xcassets in Resources */,
				E13D08BB2C2BD6B300A46FE7 /* Poppins-Regular.ttf in Resources */,
				E13D08A82C2BC6BD00A46FE7 /* Poppins-Bold.ttf in Resources */,
				E13D08C02C2BF32300A46FE7 /* SFPRODISPLAYREGULAR.OTF in Resources */,
				E13D08B32C2BD27E00A46FE7 /* Roboto-Regular.ttf in Resources */,
				E13D08BD2C2BD71300A46FE7 /* Poppins-SemiBold.ttf in Resources */,
				E13D08B72C2BD4A800A46FE7 /* SFPRODISPLAYBOLD.OTF in Resources */,
				E13D08C72C2BF73100A46FE7 /* SF-Pro-Display-Semibold.otf in Resources */,
				E1CF62A82C10E1FB00D21642 /* Assets.xcassets in Resources */,
			);
			runOnlyForDeploymentPostprocessing = 0;
		};
/* End PBXResourcesBuildPhase section */

/* Begin PBXSourcesBuildPhase section */
		E1CF629C2C10E1F900D21642 /* Sources */ = {
			isa = PBXSourcesBuildPhase;
			buildActionMask = 2147483647;
			files = (
				E1BD8D1F2DFC8C9E003CEC5C /* HomeContentView.swift in Sources */,
				E1CF62A62C10E1F900D21642 /* ContentView.swift in Sources */,
				E1BD8D232DFC925F003CEC5C /* AccountDetailContentView.swift in Sources */,
				E1CF62A42C10E1F900D21642 /* PasswordManagerApp.swift in Sources */,
				E1BD8D212DFC914B003CEC5C /* AddRecordContentView.swift in Sources */,
			);
			runOnlyForDeploymentPostprocessing = 0;
		};
/* End PBXSourcesBuildPhase section */

/* Begin XCBuildConfiguration section */
		E1CF62AC2C10E1FB00D21642 /* Debug */ = {
			isa = XCBuildConfiguration;
			buildSettings = {
				ALWAYS_SEARCH_USER_PATHS = NO;
				ASSETCATALOG_COMPILER_GENERATE_SWIFT_ASSET_SYMBOL_EXTENSIONS = YES;
				CLANG_ANALYZER_NONNULL = YES;
				CLANG_ANALYZER_NUMBER_OBJECT_CONVERSION = YES_AGGRESSIVE;
				CLANG_CXX_LANGUAGE_STANDARD = "gnu++20";
				CLANG_ENABLE_MODULES = YES;
				CLANG_ENABLE_OBJC_ARC = YES;
				CLANG_ENABLE_OBJC_WEAK = YES;
				CLANG_WARN_BLOCK_CAPTURE_AUTORELEASING = YES;
				CLANG_WARN_BOOL_CONVERSION = YES;
				CLANG_WARN_COMMA = YES;
				CLANG_WARN_CONSTANT_CONVERSION = YES;
				CLANG_WARN_DEPRECATED_OBJC_IMPLEMENTATIONS = YES;
				CLANG_WARN_DIRECT_OBJC_ISA_USAGE = YES_ERROR;
				CLANG_WARN_DOCUMENTATION_COMMENTS = YES;
				CLANG_WARN_EMPTY_BODY = YES;
				CLANG_WARN_ENUM_CONVERSION = YES;
				CLANG_WARN_INFINITE_RECURSION = YES;
				CLANG_WARN_INT_CONVERSION = YES;
				CLANG_WARN_NON_LITERAL_NULL_CONVERSION = YES;
				CLANG_WARN_OBJC_IMPLICIT_RETAIN_SELF = YES;
				CLANG_WARN_OBJC_LITERAL_CONVERSION = YES;
				CLANG_WARN_OBJC_ROOT_CLASS = YES_ERROR;
				CLANG_WARN_QUOTED_INCLUDE_IN_FRAMEWORK_HEADER = YES;
				CLANG_WARN_RANGE_LOOP_ANALYSIS = YES;
				CLANG_WARN_STRICT_PROTOTYPES = YES;
				CLANG_WARN_SUSPICIOUS_MOVE = YES;
				CLANG_WARN_UNGUARDED_AVAILABILITY = YES_AGGRESSIVE;
				CLANG_WARN_UNREACHABLE_CODE = YES;
				CLANG_WARN__DUPLICATE_METHOD_MATCH = YES;
				COPY_PHASE_STRIP = NO;
				DEBUG_INFORMATION_FORMAT = dwarf;
				ENABLE_STRICT_OBJC_MSGSEND = YES;
				ENABLE_TESTABILITY = YES;
				ENABLE_USER_SCRIPT_SANDBOXING = YES;
				GCC_C_LANGUAGE_STANDARD = gnu17;
				GCC_DYNAMIC_NO_PIC = NO;
				GCC_NO_COMMON_BLOCKS = YES;
				GCC_OPTIMIZATION_LEVEL = 0;
				GCC_PREPROCESSOR_DEFINITIONS = (
					"DEBUG=1",
					"$(inherited)",
				);
				GCC_WARN_64_TO_32_BIT_CONVERSION = YES;
				GCC_WARN_ABOUT_RETURN_TYPE = YES_ERROR;
				GCC_WARN_UNDECLARED_SELECTOR = YES;
				GCC_WARN_UNINITIALIZED_AUTOS = YES_AGGRESSIVE;
				GCC_WARN_UNUSED_FUNCTION = YES;
				GCC_WARN_UNUSED_VARIABLE = YES;
				IPHONEOS_DEPLOYMENT_TARGET = 17.5;
				LOCALIZATION_PREFERS_STRING_CATALOGS = YES;
				MTL_ENABLE_DEBUG_INFO = INCLUDE_SOURCE;
				MTL_FAST_MATH = YES;
				ONLY_ACTIVE_ARCH = YES;
				SDKROOT = iphoneos;
				SWIFT_ACTIVE_COMPILATION_CONDITIONS = "DEBUG $(inherited)";
				SWIFT_OPTIMIZATION_LEVEL = "-Onone";
			};
			name = Debug;
		};
		E1CF62AD2C10E1FB00D21642 /* Release */ = {
			isa = XCBuildConfiguration;
			buildSettings = {
				ALWAYS_SEARCH_USER_PATHS = NO;
				ASSETCATALOG_COMPILER_GENERATE_SWIFT_ASSET_SYMBOL_EXTENSIONS = YES;
				CLANG_ANALYZER_NONNULL = YES;
				CLANG_ANALYZER_NUMBER_OBJECT_CONVERSION = YES_AGGRESSIVE;
				CLANG_CXX_LANGUAGE_STANDARD = "gnu++20";
				CLANG_ENABLE_MODULES = YES;
				CLANG_ENABLE_OBJC_ARC = YES;
				CLANG_ENABLE_OBJC_WEAK = YES;
				CLANG_WARN_BLOCK_CAPTURE_AUTORELEASING = YES;
				CLANG_WARN_BOOL_CONVERSION = YES;
				CLANG_WARN_COMMA = YES;
				CLANG_WARN_CONSTANT_CONVERSION = YES;
				CLANG_WARN_DEPRECATED_OBJC_IMPLEMENTATIONS = YES;
				CLANG_WARN_DIRECT_OBJC_ISA_USAGE = YES_ERROR;
				CLANG_WARN_DOCUMENTATION_COMMENTS = YES;
				CLANG_WARN_EMPTY_BODY = YES;
				CLANG_WARN_ENUM_CONVERSION = YES;
				CLANG_WARN_INFINITE_RECURSION = YES;
				CLANG_WARN_INT_CONVERSION = YES;
				CLANG_WARN_NON_LITERAL_NULL_CONVERSION = YES;
				CLANG_WARN_OBJC_IMPLICIT_RETAIN_SELF = YES;
				CLANG_WARN_OBJC_LITERAL_CONVERSION = YES;
				CLANG_WARN_OBJC_ROOT_CLASS = YES_ERROR;
				CLANG_WARN_QUOTED_INCLUDE_IN_FRAMEWORK_HEADER = YES;
				CLANG_WARN_RANGE_LOOP_ANALYSIS = YES;
				CLANG_WARN_STRICT_PROTOTYPES = YES;
				CLANG_WARN_SUSPICIOUS_MOVE = YES;
				CLANG_WARN_UNGUARDED_AVAILABILITY = YES_AGGRESSIVE;
				CLANG_WARN_UNREACHABLE_CODE = YES;
				CLANG_WARN__DUPLICATE_METHOD_MATCH = YES;
				COPY_PHASE_STRIP = NO;
				DEBUG_INFORMATION_FORMAT = "dwarf-with-dsym";
				ENABLE_NS_ASSERTIONS = NO;
				ENABLE_STRICT_OBJC_MSGSEND = YES;
				ENABLE_USER_SCRIPT_SANDBOXING = YES;
				GCC_C_LANGUAGE_STANDARD = gnu17;
				GCC_NO_COMMON_BLOCKS = YES;
				GCC_WARN_64_TO_32_BIT_CONVERSION = YES;
				GCC_WARN_ABOUT_RETURN_TYPE = YES_ERROR;
				GCC_WARN_UNDECLARED_SELECTOR = YES;
				GCC_WARN_UNINITIALIZED_AUTOS = YES_AGGRESSIVE;
				GCC_WARN_UNUSED_FUNCTION = YES;
				GCC_WARN_UNUSED_VARIABLE = YES;
				IPHONEOS_DEPLOYMENT_TARGET = 17.5;
				LOCALIZATION_PREFERS_STRING_CATALOGS = YES;
				MTL_ENABLE_DEBUG_INFO = NO;
				MTL_FAST_MATH = YES;
				SDKROOT = iphoneos;
				SWIFT_COMPILATION_MODE = wholemodule;
				VALIDATE_PRODUCT = YES;
			};
			name = Release;
		};
		E1CF62AF2C10E1FB00D21642 /* Debug */ = {
			isa = XCBuildConfiguration;
			buildSettings = {
				ASSETCATALOG_COMPILER_APPICON_NAME = AppIcon;
				ASSETCATALOG_COMPILER_GLOBAL_ACCENT_COLOR_NAME = AccentColor;
				CODE_SIGN_STYLE = Automatic;
				CURRENT_PROJECT_VERSION = 1;
				DEVELOPMENT_ASSET_PATHS = "\"PasswordManager/Preview Content\"";
				DEVELOPMENT_TEAM = 5CL5XJM8GL;
				ENABLE_PREVIEWS = YES;
				GENERATE_INFOPLIST_FILE = YES;
				INFOPLIST_FILE = PasswordManager/Info.plist;
				INFOPLIST_KEY_NSFaceIDUsageDescription = "For security ";
				INFOPLIST_KEY_UIApplicationSceneManifest_Generation = YES;
				INFOPLIST_KEY_UIApplicationSupportsIndirectInputEvents = YES;
				INFOPLIST_KEY_UILaunchScreen_Generation = YES;
				INFOPLIST_KEY_UISupportedInterfaceOrientations_iPad = "UIInterfaceOrientationPortrait UIInterfaceOrientationPortraitUpsideDown UIInterfaceOrientationLandscapeLeft UIInterfaceOrientationLandscapeRight";
				INFOPLIST_KEY_UISupportedInterfaceOrientations_iPhone = "UIInterfaceOrientationPortrait UIInterfaceOrientationLandscapeLeft UIInterfaceOrientationLandscapeRight";
				LD_RUNPATH_SEARCH_PATHS = (
					"$(inherited)",
					"@executable_path/Frameworks",
				);
				MARKETING_VERSION = 1.0;
				PRODUCT_BUNDLE_IDENTIFIER = me.Madaan.Hitesh.PasswordManager;
				PRODUCT_NAME = "$(TARGET_NAME)";
				SWIFT_EMIT_LOC_STRINGS = YES;
				SWIFT_VERSION = 5.0;
				TARGETED_DEVICE_FAMILY = "1,2";
			};
			name = Debug;
		};
		E1CF62B02C10E1FB00D21642 /* Release */ = {
			isa = XCBuildConfiguration;
			buildSettings = {
				ASSETCATALOG_COMPILER_APPICON_NAME = AppIcon;
				ASSETCATALOG_COMPILER_GLOBAL_ACCENT_COLOR_NAME = AccentColor;
				CODE_SIGN_STYLE = Automatic;
				CURRENT_PROJECT_VERSION = 1;
				DEVELOPMENT_ASSET_PATHS = "\"PasswordManager/Preview Content\"";
				DEVELOPMENT_TEAM = 5CL5XJM8GL;
				ENABLE_PREVIEWS = YES;
				GENERATE_INFOPLIST_FILE = YES;
				INFOPLIST_FILE = PasswordManager/Info.plist;
				INFOPLIST_KEY_NSFaceIDUsageDescription = "For security ";
				INFOPLIST_KEY_UIApplicationSceneManifest_Generation = YES;
				INFOPLIST_KEY_UIApplicationSupportsIndirectInputEvents = YES;
				INFOPLIST_KEY_UILaunchScreen_Generation = YES;
				INFOPLIST_KEY_UISupportedInterfaceOrientations_iPad = "UIInterfaceOrientationPortrait UIInterfaceOrientationPortraitUpsideDown UIInterfaceOrientationLandscapeLeft UIInterfaceOrientationLandscapeRight";
				INFOPLIST_KEY_UISupportedInterfaceOrientations_iPhone = "UIInterfaceOrientationPortrait UIInterfaceOrientationLandscapeLeft UIInterfaceOrientationLandscapeRight";
				LD_RUNPATH_SEARCH_PATHS = (
					"$(inherited)",
					"@executable_path/Frameworks",
				);
				MARKETING_VERSION = 1.0;
				PRODUCT_BUNDLE_IDENTIFIER = me.Madaan.Hitesh.PasswordManager;
				PRODUCT_NAME = "$(TARGET_NAME)";
				SWIFT_EMIT_LOC_STRINGS = YES;
				SWIFT_VERSION = 5.0;
				TARGETED_DEVICE_FAMILY = "1,2";
			};
			name = Release;
		};
/* End XCBuildConfiguration section */

/* Begin XCConfigurationList section */
		E1CF629B2C10E1F900D21642 /* Build configuration list for PBXProject "PasswordManager" */ = {
			isa = XCConfigurationList;
			buildConfigurations = (
				E1CF62AC2C10E1FB00D21642 /* Debug */,
				E1CF62AD2C10E1FB00D21642 /* Release */,
			);
			defaultConfigurationIsVisible = 0;
			defaultConfigurationName = Release;
		};
		E1CF62AE2C10E1FB00D21642 /* Build configuration list for PBXNativeTarget "PasswordManager" */ = {
			isa = XCConfigurationList;
			buildConfigurations = (
				E1CF62AF2C10E1FB00D21642 /* Debug */,
				E1CF62B02C10E1FB00D21642 /* Release */,
			);
			defaultConfigurationIsVisible = 0;
			defaultConfigurationName = Release;
		};
/* End XCConfigurationList section */

/* Begin XCRemoteSwiftPackageReference section */
		E19C61B32C11936B0092A3A6 /* XCRemoteSwiftPackageReference "SQLite" */ = {
			isa = XCRemoteSwiftPackageReference;
			repositoryURL = "https://github.com/stephencelis/SQLite.swift";
			requirement = {
				kind = upToNextMajorVersion;
				minimumVersion = 0.15.3;
			};
		};
		E19C61B62C11B9F30092A3A6 /* XCRemoteSwiftPackageReference "KeychainAccess" */ = {
			isa = XCRemoteSwiftPackageReference;
			repositoryURL = "https://github.com/kishikawakatsumi/KeychainAccess.git";
			requirement = {
				branch = master;
				kind = branch;
			};
		};
/* End XCRemoteSwiftPackageReference section */

/* Begin XCSwiftPackageProductDependency section */
		E19C61B42C11936B0092A3A6 /* SQLite */ = {
			isa = XCSwiftPackageProductDependency;
			package = E19C61B32C11936B0092A3A6 /* XCRemoteSwiftPackageReference "SQLite" */;
			productName = SQLite;
		};
		E19C61B72C11B9F30092A3A6 /* KeychainAccess */ = {
			isa = XCSwiftPackageProductDependency;
			package = E19C61B62C11B9F30092A3A6 /* XCRemoteSwiftPackageReference "KeychainAccess" */;
			productName = KeychainAccess;
		};
/* End XCSwiftPackageProductDependency section */
	};
	rootObject = E1CF62982C10E1F900D21642 /* Project object */;
}
